
Microsoft Visual Studio Solution File, Format Version 12.00
# Visual Studio 15
VisualStudioVersion = 15.0.26730.15
MinimumVisualStudioVersion = 10.0.40219.1
Project("{FAE04EC0-301F-11D3-BF4B-00C04F79EFBC}") = "lukaszsadlocha_onlineResume", "lukaszsadlocha_onlineResume\lukaszsadlocha_onlineResume.csproj", "{DBA7059C-184D-4D32-AAC1-41116F4A09EF}"
EndProject
Global
	GlobalSection(SolutionConfigurationPlatforms) = preSolution
		Debug|Any CPU = Debug|Any CPU
		Release|Any CPU = Release|Any CPU
	EndGlobalSection
	GlobalSection(ProjectConfigurationPlatforms) = postSolution
		{DBA7059C-184D-4D32-AAC1-41116F4A09EF}.Debug|Any CPU.ActiveCfg = Debug|Any CPU
		{DBA7059C-184D-4D32-AAC1-41116F4A09EF}.Debug|Any CPU.Build.0 = Debug|Any CPU
		{DBA7059C-184D-4D32-AAC1-41116F4A09EF}.Release|Any CPU.ActiveCfg = Release|Any CPU
		{DBA7059C-184D-4D32-AAC1-41116F4A09EF}.Release|Any CPU.Build.0 = Release|Any CPU
	EndGlobalSection
	GlobalSection(SolutionProperties) = preSolution
		HideSolutionNode = FALSE
	EndGlobalSection
	GlobalSection(ExtensibilityGlobals) = postSolution
		SolutionGuid = {C3F53B60-3796-495C-8AE4-10C2F049C7E6}
	EndGlobalSection
EndGlobal
